{
  "version": 4,
  "terraform_version": "0.14.7",
  "serial": 91,
  "lineage": "aa0f381c-bd09-d14f-0db2-cbcf4e3d42c0",
  "outputs": {},
  "resources": [
    {
      "mode": "data",
      "type": "aws_ami",
      "name": "workshop0001-axwayv7",
      "provider": "provider[\"registry.terraform.io/hashicorp/aws\"]",
      "instances": [
        {
          "schema_version": 0,
          "attributes": {
            "architecture": "x86_64",
            "arn": "arn:aws:ec2:eu-west-2::image/ami-05ba204df5232e729",
            "block_device_mappings": [
              {
                "device_name": "/dev/sda1",
                "ebs": {
                  "delete_on_termination": "false",
                  "encrypted": "false",
                  "iops": "0",
                  "snapshot_id": "snap-01de1631d77971a44",
                  "throughput": "0",
                  "volume_size": "16",
                  "volume_type": "gp2"
                },
                "no_device": "",
                "virtual_name": ""
              },
              {
                "device_name": "/dev/sdb",
                "ebs": {},
                "no_device": "",
                "virtual_name": "ephemeral0"
              },
              {
                "device_name": "/dev/sdc",
                "ebs": {},
                "no_device": "",
                "virtual_name": "ephemeral1"
              }
            ],
            "creation_date": "2021-09-10T17:07:09.000Z",
            "description": null,
            "ena_support": true,
            "executable_users": null,
            "filter": [
              {
                "name": "tag:Name",
                "values": [
                  "techlab-axwayv7"
                ]
              }
            ],
            "hypervisor": "xen",
            "id": "ami-05ba204df5232e729",
            "image_id": "ami-05ba204df5232e729",
            "image_location": "207666252960/techlab-axwayv7-2021-09-10-613b8dce-2ca2-a9bf-5a2b-0c1c8595809e",
            "image_owner_alias": null,
            "image_type": "machine",
            "kernel_id": null,
            "most_recent": true,
            "name": "techlab-axwayv7-2021-09-10-613b8dce-2ca2-a9bf-5a2b-0c1c8595809e",
            "name_regex": null,
            "owner_id": "207666252960",
            "owners": [
              "self"
            ],
            "platform": null,
            "platform_details": "Linux/UNIX",
            "product_codes": [],
            "public": false,
            "ramdisk_id": null,
            "root_device_name": "/dev/sda1",
            "root_device_type": "ebs",
            "root_snapshot_id": "snap-01de1631d77971a44",
            "sriov_net_support": "simple",
            "state": "available",
            "state_reason": {
              "code": "UNSET",
              "message": "UNSET"
            },
            "tags": {
              "Name": "techlab-axwayv7"
            },
            "usage_operation": "RunInstances",
            "virtualization_type": "hvm"
          },
          "sensitive_attributes": []
        }
      ]
    },
    {
      "mode": "data",
      "type": "aws_route53_zone",
      "name": "selected",
      "provider": "provider[\"registry.terraform.io/hashicorp/aws\"]",
      "instances": [
        {
          "schema_version": 0,
          "attributes": {
            "arn": "arn:aws:route53:::hostedzone/Z0411166BS3GDU77ZP8Y",
            "caller_reference": "RISWorkflow-RD:7a80754a-ae19-45ee-a6ab-5cf755d43787",
            "comment": "HostedZone created by Route53 Registrar",
            "id": "Z0411166BS3GDU77ZP8Y",
            "linked_service_description": null,
            "linked_service_principal": null,
            "name": "axwaydemo.net",
            "name_servers": [
              "ns-1810.awsdns-34.co.uk",
              "ns-850.awsdns-42.net",
              "ns-1110.awsdns-10.org",
              "ns-403.awsdns-50.com"
            ],
            "private_zone": false,
            "resource_record_set_count": 3,
            "tags": {},
            "vpc_id": null,
            "zone_id": "Z0411166BS3GDU77ZP8Y"
          },
          "sensitive_attributes": []
        }
      ]
    },
    {
      "mode": "data",
      "type": "http",
      "name": "myip",
      "provider": "provider[\"registry.terraform.io/hashicorp/http\"]",
      "instances": [
        {
          "schema_version": 0,
          "attributes": {
            "body": "84.71.28.76",
            "id": "https://api.ipify.org",
            "request_headers": null,
            "response_headers": {
              "Connection": "keep-alive",
              "Content-Length": "11",
              "Content-Type": "text/plain",
              "Date": "Tue, 14 Dec 2021 17:13:30 GMT",
              "Server": "Cowboy",
              "Vary": "Origin",
              "Via": "1.1 vegur"
            },
            "url": "https://api.ipify.org"
          },
          "sensitive_attributes": []
        }
      ]
    },
    {
      "mode": "managed",
      "type": "aws_instance",
      "name": "workshop0001-axwayv7",
      "provider": "provider[\"registry.terraform.io/hashicorp/aws\"]",
      "instances": [
        {
          "schema_version": 1,
          "attributes": {
            "ami": "ami-05ba204df5232e729",
            "arn": "arn:aws:ec2:eu-west-2:207666252960:instance/i-0ee8cd3579fc90424",
            "associate_public_ip_address": true,
            "availability_zone": "eu-west-2b",
            "capacity_reservation_specification": [
              {
                "capacity_reservation_preference": "open",
                "capacity_reservation_target": []
              }
            ],
            "cpu_core_count": 2,
            "cpu_threads_per_core": 1,
            "credit_specification": [
              {
                "cpu_credits": "standard"
              }
            ],
            "disable_api_termination": false,
            "ebs_block_device": [],
            "ebs_optimized": false,
            "enclave_options": [
              {
                "enabled": false
              }
            ],
            "ephemeral_block_device": [],
            "get_password_data": false,
            "hibernation": false,
            "host_id": null,
            "iam_instance_profile": "",
            "id": "i-0ee8cd3579fc90424",
            "instance_initiated_shutdown_behavior": "stop",
            "instance_state": "running",
            "instance_type": "t2.large",
            "ipv6_address_count": 0,
            "ipv6_addresses": [],
            "key_name": "workshop0001-axwayv7-key",
            "launch_template": [],
            "metadata_options": [
              {
                "http_endpoint": "enabled",
                "http_put_response_hop_limit": 1,
                "http_tokens": "optional"
              }
            ],
            "monitoring": false,
            "network_interface": [],
            "outpost_arn": "",
            "password_data": "",
            "placement_group": "",
            "placement_partition_number": null,
            "primary_network_interface_id": "eni-0002802436ffa68e9",
            "private_dns": "ip-10-0-1-20.eu-west-2.compute.internal",
            "private_ip": "10.0.1.20",
            "public_dns": "",
            "public_ip": "18.169.17.134",
            "root_block_device": [
              {
                "delete_on_termination": true,
                "device_name": "/dev/sda1",
                "encrypted": false,
                "iops": 100,
                "kms_key_id": "",
                "tags": {
                  "Name": "workshop0001-axwayv7",
                  "Project": "Amplify UKI Workshop0001"
                },
                "throughput": 0,
                "volume_id": "vol-005bbc2bfbd41e3b2",
                "volume_size": 16,
                "volume_type": "gp2"
              }
            ],
            "secondary_private_ips": [],
            "security_groups": [
              "sg-0452a1db70ecb4258"
            ],
            "source_dest_check": true,
            "subnet_id": "subnet-05b8633a76d2ad4ec",
            "tags": {
              "Name": "workshop0001-axwayv7",
              "Project": "Amplify UKI Workshop0001"
            },
            "tags_all": {
              "Name": "workshop0001-axwayv7",
              "Project": "Amplify UKI Workshop0001"
            },
            "tenancy": "default",
            "timeouts": null,
            "user_data": null,
            "user_data_base64": null,
            "volume_tags": null,
            "vpc_security_group_ids": [
              "sg-0452a1db70ecb4258"
            ]
          },
          "sensitive_attributes": [],
          "private": "eyJlMmJmYjczMC1lY2FhLTExZTYtOGY4OC0zNDM2M2JjN2M0YzAiOnsiY3JlYXRlIjo2MDAwMDAwMDAwMDAsImRlbGV0ZSI6MTIwMDAwMDAwMDAwMCwidXBkYXRlIjo2MDAwMDAwMDAwMDB9LCJzY2hlbWFfdmVyc2lvbiI6IjEifQ==",
          "dependencies": [
            "aws_security_group.workshop0001-nginx-web-facing",
            "aws_subnet.workshop0001-main",
            "aws_vpc.workshop0001-main",
            "data.aws_ami.workshop0001-axwayv7"
          ]
        }
      ]
    },
    {
      "mode": "managed",
      "type": "aws_internet_gateway",
      "name": "workshop0001-gw",
      "provider": "provider[\"registry.terraform.io/hashicorp/aws\"]",
      "instances": [
        {
          "schema_version": 0,
          "attributes": {
            "arn": "arn:aws:ec2:eu-west-2:207666252960:internet-gateway/igw-037a9f0e9e475511d",
            "id": "igw-037a9f0e9e475511d",
            "owner_id": "207666252960",
            "tags": {
              "Name": "AxwayTechlab",
              "Project": "Amplify UKI Workshop0001"
            },
            "tags_all": {
              "Name": "AxwayTechlab",
              "Project": "Amplify UKI Workshop0001"
            },
            "vpc_id": "vpc-05c8337e06f5ec878"
          },
          "sensitive_attributes": [],
          "private": "bnVsbA==",
          "dependencies": [
            "aws_vpc.workshop0001-main"
          ]
        }
      ]
    },
    {
      "mode": "managed",
      "type": "aws_key_pair",
      "name": "workshop0001-axwayv7-key",
      "provider": "provider[\"registry.terraform.io/hashicorp/aws\"]",
      "instances": [
        {
          "schema_version": 1,
          "attributes": {
            "arn": "arn:aws:ec2:eu-west-2:207666252960:key-pair/workshop0001-axwayv7-key",
            "fingerprint": "99:04:36:20:b7:6a:ff:08:e2:d0:6d:5c:b1:c2:67:be",
            "id": "workshop0001-axwayv7-key",
            "key_name": "workshop0001-axwayv7-key",
            "key_name_prefix": "",
            "key_pair_id": "key-091b11523055bf5be",
            "public_key": "ssh-rsa AAAAB3NzaC1yc2EAAAADAQABAAABAQDsQDV+6kSjUZOm3uvYXIEuAtjq6HP4VyVpWvX836CXfH38GaPtIQeDiaiX36/XW8POkDzTmWIXEL+ICvtbDDWcJdkKomUzGNhOsgVj6Xi6nkHt5WOiIQGCyFds3k7JGyCFtmBrdWijv0G/DYqTuV/5vh3SLt14QhaH9duaHyFq0r0lzGlhzabhJAtqcj8KzvL0o8vWe4MUXga/SvI8ayKR5nvVW5Uz4c6ArCIw/F+ep5oIiNsKqMCyEq9jRVDDD/BFMRt8LQmIXqnWCUDJr8sHuX7UBr7MCcEpvxQfxsZ8DUzRwFp0LM306EvPob5QZOOUI8VYYy72oVw8iXO/Dvwd ubuntu@apimanager",
            "tags": null,
            "tags_all": {}
          },
          "sensitive_attributes": [],
          "private": "eyJzY2hlbWFfdmVyc2lvbiI6IjEifQ=="
        }
      ]
    },
    {
      "mode": "managed",
      "type": "aws_main_route_table_association",
      "name": "workshop0001-a",
      "provider": "provider[\"registry.terraform.io/hashicorp/aws\"]",
      "instances": [
        {
          "schema_version": 0,
          "attributes": {
            "id": "rtbassoc-0677677c0056a1913",
            "original_route_table_id": "rtb-07aacb0b4e69b7783",
            "route_table_id": "rtb-0b98fdc19d0d927d2",
            "vpc_id": "vpc-05c8337e06f5ec878"
          },
          "sensitive_attributes": [],
          "private": "bnVsbA==",
          "dependencies": [
            "aws_internet_gateway.workshop0001-gw",
            "aws_route_table.workshop0001-rt",
            "aws_vpc.workshop0001-main"
          ]
        }
      ]
    },
    {
      "mode": "managed",
      "type": "aws_route53_record",
      "name": "workshop0001-api",
      "provider": "provider[\"registry.terraform.io/hashicorp/aws\"]",
      "instances": [
        {
          "schema_version": 2,
          "attributes": {
            "alias": [],
            "allow_overwrite": null,
            "failover_routing_policy": [],
            "fqdn": "api.workshop0001.axwaydemo.net",
            "geolocation_routing_policy": [],
            "health_check_id": null,
            "id": "Z0411166BS3GDU77ZP8Y_api.workshop0001.axwaydemo.net_A",
            "latency_routing_policy": [],
            "multivalue_answer_routing_policy": null,
            "name": "api.workshop0001.axwaydemo.net",
            "records": [
              "18.169.17.134"
            ],
            "set_identifier": null,
            "ttl": 60,
            "type": "A",
            "weighted_routing_policy": [],
            "zone_id": "Z0411166BS3GDU77ZP8Y"
          },
          "sensitive_attributes": [],
          "private": "eyJzY2hlbWFfdmVyc2lvbiI6IjIifQ==",
          "dependencies": [
            "aws_instance.workshop0001-axwayv7",
            "aws_security_group.workshop0001-nginx-web-facing",
            "aws_subnet.workshop0001-main",
            "aws_vpc.workshop0001-main",
            "data.aws_ami.workshop0001-axwayv7",
            "data.aws_route53_zone.selected"
          ]
        }
      ]
    },
    {
      "mode": "managed",
      "type": "aws_route53_record",
      "name": "workshop0001-apibuilder",
      "provider": "provider[\"registry.terraform.io/hashicorp/aws\"]",
      "instances": [
        {
          "schema_version": 2,
          "attributes": {
            "alias": [],
            "allow_overwrite": null,
            "failover_routing_policy": [],
            "fqdn": "apibuilder.workshop0001.axwaydemo.net",
            "geolocation_routing_policy": [],
            "health_check_id": null,
            "id": "Z0411166BS3GDU77ZP8Y_apibuilder.workshop0001.axwaydemo.net_A",
            "latency_routing_policy": [],
            "multivalue_answer_routing_policy": null,
            "name": "apibuilder.workshop0001.axwaydemo.net",
            "records": [
              "18.169.17.134"
            ],
            "set_identifier": null,
            "ttl": 60,
            "type": "A",
            "weighted_routing_policy": [],
            "zone_id": "Z0411166BS3GDU77ZP8Y"
          },
          "sensitive_attributes": [],
          "private": "eyJzY2hlbWFfdmVyc2lvbiI6IjIifQ==",
          "dependencies": [
            "aws_instance.workshop0001-axwayv7",
            "aws_security_group.workshop0001-nginx-web-facing",
            "aws_subnet.workshop0001-main",
            "aws_vpc.workshop0001-main",
            "data.aws_ami.workshop0001-axwayv7",
            "data.aws_route53_zone.selected"
          ]
        }
      ]
    },
    {
      "mode": "managed",
      "type": "aws_route53_record",
      "name": "workshop0001-apigateway",
      "provider": "provider[\"registry.terraform.io/hashicorp/aws\"]",
      "instances": [
        {
          "schema_version": 2,
          "attributes": {
            "alias": [],
            "allow_overwrite": null,
            "failover_routing_policy": [],
            "fqdn": "apigateway.workshop0001.axwaydemo.net",
            "geolocation_routing_policy": [],
            "health_check_id": null,
            "id": "Z0411166BS3GDU77ZP8Y_apigateway.workshop0001.axwaydemo.net_A",
            "latency_routing_policy": [],
            "multivalue_answer_routing_policy": null,
            "name": "apigateway.workshop0001.axwaydemo.net",
            "records": [
              "18.169.17.134"
            ],
            "set_identifier": null,
            "ttl": 60,
            "type": "A",
            "weighted_routing_policy": [],
            "zone_id": "Z0411166BS3GDU77ZP8Y"
          },
          "sensitive_attributes": [],
          "private": "eyJzY2hlbWFfdmVyc2lvbiI6IjIifQ==",
          "dependencies": [
            "aws_instance.workshop0001-axwayv7",
            "aws_security_group.workshop0001-nginx-web-facing",
            "aws_subnet.workshop0001-main",
            "aws_vpc.workshop0001-main",
            "data.aws_ami.workshop0001-axwayv7",
            "data.aws_route53_zone.selected"
          ]
        }
      ]
    },
    {
      "mode": "managed",
      "type": "aws_route53_record",
      "name": "workshop0001-apimanager",
      "provider": "provider[\"registry.terraform.io/hashicorp/aws\"]",
      "instances": [
        {
          "schema_version": 2,
          "attributes": {
            "alias": [],
            "allow_overwrite": null,
            "failover_routing_policy": [],
            "fqdn": "apimanager.workshop0001.axwaydemo.net",
            "geolocation_routing_policy": [],
            "health_check_id": null,
            "id": "Z0411166BS3GDU77ZP8Y_apimanager.workshop0001.axwaydemo.net_A",
            "latency_routing_policy": [],
            "multivalue_answer_routing_policy": null,
            "name": "apimanager.workshop0001.axwaydemo.net",
            "records": [
              "18.169.17.134"
            ],
            "set_identifier": null,
            "ttl": 60,
            "type": "A",
            "weighted_routing_policy": [],
            "zone_id": "Z0411166BS3GDU77ZP8Y"
          },
          "sensitive_attributes": [],
          "private": "eyJzY2hlbWFfdmVyc2lvbiI6IjIifQ==",
          "dependencies": [
            "aws_instance.workshop0001-axwayv7",
            "aws_security_group.workshop0001-nginx-web-facing",
            "aws_subnet.workshop0001-main",
            "aws_vpc.workshop0001-main",
            "data.aws_ami.workshop0001-axwayv7",
            "data.aws_route53_zone.selected"
          ]
        }
      ]
    },
    {
      "mode": "managed",
      "type": "aws_route53_record",
      "name": "workshop0001-apiportal",
      "provider": "provider[\"registry.terraform.io/hashicorp/aws\"]",
      "instances": [
        {
          "schema_version": 2,
          "attributes": {
            "alias": [],
            "allow_overwrite": null,
            "failover_routing_policy": [],
            "fqdn": "apiportal.workshop0001.axwaydemo.net",
            "geolocation_routing_policy": [],
            "health_check_id": null,
            "id": "Z0411166BS3GDU77ZP8Y_apiportal.workshop0001.axwaydemo.net_A",
            "latency_routing_policy": [],
            "multivalue_answer_routing_policy": null,
            "name": "apiportal.workshop0001.axwaydemo.net",
            "records": [
              "18.169.17.134"
            ],
            "set_identifier": null,
            "ttl": 60,
            "type": "A",
            "weighted_routing_policy": [],
            "zone_id": "Z0411166BS3GDU77ZP8Y"
          },
          "sensitive_attributes": [],
          "private": "eyJzY2hlbWFfdmVyc2lvbiI6IjIifQ==",
          "dependencies": [
            "aws_instance.workshop0001-axwayv7",
            "aws_security_group.workshop0001-nginx-web-facing",
            "aws_subnet.workshop0001-main",
            "aws_vpc.workshop0001-main",
            "data.aws_ami.workshop0001-axwayv7",
            "data.aws_route53_zone.selected"
          ]
        }
      ]
    },
    {
      "mode": "managed",
      "type": "aws_route53_record",
      "name": "workshop0001-jenkins",
      "provider": "provider[\"registry.terraform.io/hashicorp/aws\"]",
      "instances": [
        {
          "schema_version": 2,
          "attributes": {
            "alias": [],
            "allow_overwrite": null,
            "failover_routing_policy": [],
            "fqdn": "jenkins.workshop0001.axwaydemo.net",
            "geolocation_routing_policy": [],
            "health_check_id": null,
            "id": "Z0411166BS3GDU77ZP8Y_jenkins.workshop0001.axwaydemo.net_A",
            "latency_routing_policy": [],
            "multivalue_answer_routing_policy": null,
            "name": "jenkins.workshop0001.axwaydemo.net",
            "records": [
              "18.169.17.134"
            ],
            "set_identifier": null,
            "ttl": 60,
            "type": "A",
            "weighted_routing_policy": [],
            "zone_id": "Z0411166BS3GDU77ZP8Y"
          },
          "sensitive_attributes": [],
          "private": "eyJzY2hlbWFfdmVyc2lvbiI6IjIifQ==",
          "dependencies": [
            "aws_instance.workshop0001-axwayv7",
            "aws_security_group.workshop0001-nginx-web-facing",
            "aws_subnet.workshop0001-main",
            "aws_vpc.workshop0001-main",
            "data.aws_ami.workshop0001-axwayv7",
            "data.aws_route53_zone.selected"
          ]
        }
      ]
    },
    {
      "mode": "managed",
      "type": "aws_route_table",
      "name": "workshop0001-rt",
      "provider": "provider[\"registry.terraform.io/hashicorp/aws\"]",
      "instances": [
        {
          "schema_version": 0,
          "attributes": {
            "arn": "arn:aws:ec2:eu-west-2:207666252960:route-table/rtb-0b98fdc19d0d927d2",
            "id": "rtb-0b98fdc19d0d927d2",
            "owner_id": "207666252960",
            "propagating_vgws": [],
            "route": [
              {
                "carrier_gateway_id": "",
                "cidr_block": "0.0.0.0/0",
                "destination_prefix_list_id": "",
                "egress_only_gateway_id": "",
                "gateway_id": "igw-037a9f0e9e475511d",
                "instance_id": "",
                "ipv6_cidr_block": "",
                "local_gateway_id": "",
                "nat_gateway_id": "",
                "network_interface_id": "",
                "transit_gateway_id": "",
                "vpc_endpoint_id": "",
                "vpc_peering_connection_id": ""
              }
            ],
            "tags": {
              "Name": "workshop0001-AxwayTechlab",
              "Project": "Amplify UKI Workshop0001"
            },
            "tags_all": {
              "Name": "workshop0001-AxwayTechlab",
              "Project": "Amplify UKI Workshop0001"
            },
            "timeouts": null,
            "vpc_id": "vpc-05c8337e06f5ec878"
          },
          "sensitive_attributes": [],
          "private": "eyJlMmJmYjczMC1lY2FhLTExZTYtOGY4OC0zNDM2M2JjN2M0YzAiOnsiY3JlYXRlIjoxMjAwMDAwMDAwMDAsImRlbGV0ZSI6MzAwMDAwMDAwMDAwLCJ1cGRhdGUiOjEyMDAwMDAwMDAwMH19",
          "dependencies": [
            "aws_internet_gateway.workshop0001-gw",
            "aws_vpc.workshop0001-main"
          ]
        }
      ]
    },
    {
      "mode": "managed",
      "type": "aws_security_group",
      "name": "workshop0001-nginx-web-facing",
      "provider": "provider[\"registry.terraform.io/hashicorp/aws\"]",
      "instances": [
        {
          "schema_version": 1,
          "attributes": {
            "arn": "arn:aws:ec2:eu-west-2:207666252960:security-group/sg-0452a1db70ecb4258",
            "description": "Allow TLS,HTTP,SSH inbound traffic",
            "egress": [
              {
                "cidr_blocks": [
                  "0.0.0.0/0"
                ],
                "description": "",
                "from_port": 0,
                "ipv6_cidr_blocks": [],
                "prefix_list_ids": [],
                "protocol": "-1",
                "security_groups": [],
                "self": false,
                "to_port": 0
              }
            ],
            "id": "sg-0452a1db70ecb4258",
            "ingress": [
              {
                "cidr_blocks": [
                  "0.0.0.0/0"
                ],
                "description": "HTTP - API Backend",
                "from_port": 8088,
                "ipv6_cidr_blocks": [],
                "prefix_list_ids": [],
                "protocol": "tcp",
                "security_groups": [],
                "self": false,
                "to_port": 8088
              },
              {
                "cidr_blocks": [
                  "0.0.0.0/0"
                ],
                "description": "HTTP",
                "from_port": 80,
                "ipv6_cidr_blocks": [],
                "prefix_list_ids": [],
                "protocol": "tcp",
                "security_groups": [],
                "self": false,
                "to_port": 80
              },
              {
                "cidr_blocks": [
                  "0.0.0.0/0"
                ],
                "description": "HTTPS higher port number",
                "from_port": 8443,
                "ipv6_cidr_blocks": [],
                "prefix_list_ids": [],
                "protocol": "tcp",
                "security_groups": [],
                "self": false,
                "to_port": 8443
              },
              {
                "cidr_blocks": [
                  "0.0.0.0/0"
                ],
                "description": "HTTPS",
                "from_port": 443,
                "ipv6_cidr_blocks": [],
                "prefix_list_ids": [],
                "protocol": "tcp",
                "security_groups": [],
                "self": false,
                "to_port": 443
              },
              {
                "cidr_blocks": [
                  "0.0.0.0/0"
                ],
                "description": "Juice Shop",
                "from_port": 3000,
                "ipv6_cidr_blocks": [],
                "prefix_list_ids": [],
                "protocol": "tcp",
                "security_groups": [],
                "self": false,
                "to_port": 3000
              },
              {
                "cidr_blocks": [
                  "0.0.0.0/0"
                ],
                "description": "MYSQL",
                "from_port": 3306,
                "ipv6_cidr_blocks": [],
                "prefix_list_ids": [],
                "protocol": "tcp",
                "security_groups": [],
                "self": false,
                "to_port": 3306
              },
              {
                "cidr_blocks": [
                  "0.0.0.0/0"
                ],
                "description": "RDP",
                "from_port": 3389,
                "ipv6_cidr_blocks": [],
                "prefix_list_ids": [],
                "protocol": "tcp",
                "security_groups": [],
                "self": false,
                "to_port": 3389
              },
              {
                "cidr_blocks": [
                  "0.0.0.0/0"
                ],
                "description": "SSH",
                "from_port": 22,
                "ipv6_cidr_blocks": [],
                "prefix_list_ids": [],
                "protocol": "tcp",
                "security_groups": [],
                "self": false,
                "to_port": 22
              }
            ],
            "name": "nginx-web-facing",
            "name_prefix": "",
            "owner_id": "207666252960",
            "revoke_rules_on_delete": false,
            "tags": {
              "Name": "workshop0001-axwayv7",
              "Project": "Amplify UKI Workshop0001"
            },
            "tags_all": {
              "Name": "workshop0001-axwayv7",
              "Project": "Amplify UKI Workshop0001"
            },
            "timeouts": null,
            "vpc_id": "vpc-05c8337e06f5ec878"
          },
          "sensitive_attributes": [],
          "private": "eyJlMmJmYjczMC1lY2FhLTExZTYtOGY4OC0zNDM2M2JjN2M0YzAiOnsiY3JlYXRlIjo2MDAwMDAwMDAwMDAsImRlbGV0ZSI6OTAwMDAwMDAwMDAwfSwic2NoZW1hX3ZlcnNpb24iOiIxIn0=",
          "dependencies": [
            "aws_vpc.workshop0001-main"
          ]
        }
      ]
    },
    {
      "mode": "managed",
      "type": "aws_subnet",
      "name": "workshop0001-main",
      "provider": "provider[\"registry.terraform.io/hashicorp/aws\"]",
      "instances": [
        {
          "schema_version": 1,
          "attributes": {
            "arn": "arn:aws:ec2:eu-west-2:207666252960:subnet/subnet-05b8633a76d2ad4ec",
            "assign_ipv6_address_on_creation": false,
            "availability_zone": "eu-west-2b",
            "availability_zone_id": "euw2-az3",
            "cidr_block": "10.0.1.0/24",
            "customer_owned_ipv4_pool": "",
            "id": "subnet-05b8633a76d2ad4ec",
            "ipv6_cidr_block": "",
            "ipv6_cidr_block_association_id": "",
            "map_customer_owned_ip_on_launch": false,
            "map_public_ip_on_launch": true,
            "outpost_arn": "",
            "owner_id": "207666252960",
            "tags": {
              "Name": "AxwayTechlab",
              "Project": "Amplify UKI Workshop0001"
            },
            "tags_all": {
              "Name": "AxwayTechlab",
              "Project": "Amplify UKI Workshop0001"
            },
            "timeouts": null,
            "vpc_id": "vpc-05c8337e06f5ec878"
          },
          "sensitive_attributes": [],
          "private": "eyJlMmJmYjczMC1lY2FhLTExZTYtOGY4OC0zNDM2M2JjN2M0YzAiOnsiY3JlYXRlIjo2MDAwMDAwMDAwMDAsImRlbGV0ZSI6MTIwMDAwMDAwMDAwMH0sInNjaGVtYV92ZXJzaW9uIjoiMSJ9",
          "dependencies": [
            "aws_vpc.workshop0001-main"
          ]
        }
      ]
    },
    {
      "mode": "managed",
      "type": "aws_vpc",
      "name": "workshop0001-main",
      "provider": "provider[\"registry.terraform.io/hashicorp/aws\"]",
      "instances": [
        {
          "schema_version": 1,
          "attributes": {
            "arn": "arn:aws:ec2:eu-west-2:207666252960:vpc/vpc-05c8337e06f5ec878",
            "assign_generated_ipv6_cidr_block": false,
            "cidr_block": "10.0.0.0/16",
            "default_network_acl_id": "acl-0a71c53648e171080",
            "default_route_table_id": "rtb-07aacb0b4e69b7783",
            "default_security_group_id": "sg-059d466d1e3146ddf",
            "dhcp_options_id": "dopt-b2a8ddda",
            "enable_classiclink": null,
            "enable_classiclink_dns_support": null,
            "enable_dns_hostnames": false,
            "enable_dns_support": true,
            "id": "vpc-05c8337e06f5ec878",
            "instance_tenancy": "default",
            "ipv4_ipam_pool_id": null,
            "ipv4_netmask_length": null,
            "ipv6_association_id": "",
            "ipv6_cidr_block": "",
            "ipv6_ipam_pool_id": null,
            "ipv6_netmask_length": null,
            "main_route_table_id": "rtb-07aacb0b4e69b7783",
            "owner_id": "207666252960",
            "tags": {
              "Name": "AxwayTechlab-workshop0001",
              "Project": "Amplify UKI Workshop0001"
            },
            "tags_all": {
              "Name": "AxwayTechlab-workshop0001",
              "Project": "Amplify UKI Workshop0001"
            }
          },
          "sensitive_attributes": [],
          "private": "eyJzY2hlbWFfdmVyc2lvbiI6IjEifQ=="
        }
      ]
    },
    {
      "mode": "managed",
      "type": "null_resource",
      "name": "configure_nginx_reverse_proxy_with_subdomain_certs",
      "provider": "provider[\"registry.terraform.io/hashicorp/null\"]",
      "instances": [
        {
          "schema_version": 0,
          "attributes": {
            "id": "4415751863545249746",
            "triggers": {
              "trigger2": "60"
            }
          },
          "sensitive_attributes": [],
          "private": "bnVsbA==",
          "dependencies": [
            "aws_instance.workshop0001-axwayv7",
            "aws_route53_record.workshop0001-apimanager",
            "aws_security_group.workshop0001-nginx-web-facing",
            "aws_subnet.workshop0001-main",
            "aws_vpc.workshop0001-main",
            "data.aws_ami.workshop0001-axwayv7",
            "data.aws_route53_zone.selected"
          ]
        }
      ]
    },
    {
      "mode": "managed",
      "type": "null_resource",
      "name": "post-instantiation-VM-actions",
      "provider": "provider[\"registry.terraform.io/hashicorp/null\"]",
      "instances": [
        {
          "schema_version": 0,
          "attributes": {
            "id": "2355194941934022203",
            "triggers": {
              "trigger1": "60"
            }
          },
          "sensitive_attributes": [],
          "private": "bnVsbA==",
          "dependencies": [
            "aws_instance.workshop0001-axwayv7",
            "aws_route53_record.workshop0001-apimanager",
            "aws_security_group.workshop0001-nginx-web-facing",
            "aws_subnet.workshop0001-main",
            "aws_vpc.workshop0001-main",
            "data.aws_ami.workshop0001-axwayv7",
            "data.aws_route53_zone.selected"
          ]
        }
      ]
    }
  ]
}
